
Microsoft Visual Studio Solution File, Format Version 12.00
# Visual Studio Version 17
VisualStudioVersion = 17.8.34330.188
MinimumVisualStudioVersion = 10.0.40219.1
Project("{FAE04EC0-301F-11D3-BF4B-00C04F79EFBC}") = "Repository Pattern", "Repository Pattern\Repository Pattern.csproj", "{526CD252-0359-4005-93E9-343256E31C71}"
EndProject
Global
	GlobalSection(SolutionConfigurationPlatforms) = preSolution
		Debug|Any CPU = Debug|Any CPU
		Release|Any CPU = Release|Any CPU
	EndGlobalSection
	GlobalSection(ProjectConfigurationPlatforms) = postSolution
		{526CD252-0359-4005-93E9-343256E31C71}.Debug|Any CPU.ActiveCfg = Debug|Any CPU
		{526CD252-0359-4005-93E9-343256E31C71}.Debug|Any CPU.Build.0 = Debug|Any CPU
		{526CD252-0359-4005-93E9-343256E31C71}.Release|Any CPU.ActiveCfg = Release|Any CPU
		{526CD252-0359-4005-93E9-343256E31C71}.Release|Any CPU.Build.0 = Release|Any CPU
	EndGlobalSection
	GlobalSection(SolutionProperties) = preSolution
		HideSolutionNode = FALSE
	EndGlobalSection
	GlobalSection(ExtensibilityGlobals) = postSolution
		SolutionGuid = {988B09BF-7479-47D2-8FF1-CE4283945700}
	EndGlobalSection
EndGlobal
